
Microsoft Visual Studio Solution File, Format Version 12.00
# Visual Studio 15
VisualStudioVersion = 15.0.27004.2009
MinimumVisualStudioVersion = 10.0.40219.1
Project("{FAE04EC0-301F-11D3-BF4B-00C04F79EFBC}") = "Moduware.Platform.Tile.Droid", "Platform.Tile.Droid\Moduware.Platform.Tile.Droid.csproj", "{55AE2DB5-8F3C-4AF2-819C-396850A05222}"
EndProject
Project("{FAE04EC0-301F-11D3-BF4B-00C04F79EFBC}") = "Moduware.Platform.Tile.iOS", "Platform.Tile.iOS\Moduware.Platform.Tile.iOS.csproj", "{4A938ED6-42CD-4B66-B950-5EFBE7B3DC3B}"
EndProject
Project("{D954291E-2A0B-460D-934E-DC6B0785DB48}") = "Moduware.Platform.Tile.Shared", "Platform.Tile.Shared\Moduware.Platform.Tile.Shared.shproj", "{9B854B31-630D-4A65-95A6-5366D15E6E3E}"
EndProject
Project("{FAE04EC0-301F-11D3-BF4B-00C04F79EFBC}") = "Moduware.Platform.Tile.Types", "Platform.Tile.Types\Moduware.Platform.Tile.Types.csproj", "{9D5ABDF9-F254-43A0-9C23-299EDDC32AFE}"
EndProject
Global
	GlobalSection(SharedMSBuildProjectFiles) = preSolution
		Platform.Tile.Shared\Platform.Tile.Shared.projitems*{4a938ed6-42cd-4b66-b950-5efbe7b3dc3b}*SharedItemsImports = 4
		Platform.Tile.Shared\Platform.Tile.Shared.projitems*{55ae2db5-8f3c-4af2-819c-396850a05222}*SharedItemsImports = 4
		Platform.Tile.Shared\Platform.Tile.Shared.projitems*{9b854b31-630d-4a65-95a6-5366d15e6e3e}*SharedItemsImports = 13
	EndGlobalSection
	GlobalSection(SolutionConfigurationPlatforms) = preSolution
		Debug|Any CPU = Debug|Any CPU
		Release|Any CPU = Release|Any CPU
	EndGlobalSection
	GlobalSection(ProjectConfigurationPlatforms) = postSolution
		{55AE2DB5-8F3C-4AF2-819C-396850A05222}.Debug|Any CPU.ActiveCfg = Debug|Any CPU
		{55AE2DB5-8F3C-4AF2-819C-396850A05222}.Debug|Any CPU.Build.0 = Debug|Any CPU
		{55AE2DB5-8F3C-4AF2-819C-396850A05222}.Release|Any CPU.ActiveCfg = Release|Any CPU
		{55AE2DB5-8F3C-4AF2-819C-396850A05222}.Release|Any CPU.Build.0 = Release|Any CPU
		{4A938ED6-42CD-4B66-B950-5EFBE7B3DC3B}.Debug|Any CPU.ActiveCfg = Debug|Any CPU
		{4A938ED6-42CD-4B66-B950-5EFBE7B3DC3B}.Debug|Any CPU.Build.0 = Debug|Any CPU
		{4A938ED6-42CD-4B66-B950-5EFBE7B3DC3B}.Release|Any CPU.ActiveCfg = Release|Any CPU
		{4A938ED6-42CD-4B66-B950-5EFBE7B3DC3B}.Release|Any CPU.Build.0 = Release|Any CPU
		{9D5ABDF9-F254-43A0-9C23-299EDDC32AFE}.Debug|Any CPU.ActiveCfg = Debug|Any CPU
		{9D5ABDF9-F254-43A0-9C23-299EDDC32AFE}.Debug|Any CPU.Build.0 = Debug|Any CPU
		{9D5ABDF9-F254-43A0-9C23-299EDDC32AFE}.Release|Any CPU.ActiveCfg = Release|Any CPU
		{9D5ABDF9-F254-43A0-9C23-299EDDC32AFE}.Release|Any CPU.Build.0 = Release|Any CPU
	EndGlobalSection
	GlobalSection(SolutionProperties) = preSolution
		HideSolutionNode = FALSE
	EndGlobalSection
	GlobalSection(ExtensibilityGlobals) = postSolution
		SolutionGuid = {8E1A5DD0-1965-4BD8-BF9D-85AC5BEFFA04}
	EndGlobalSection
EndGlobal
